
Microsoft Visual Studio Solution File, Format Version 12.00
# Visual Studio Version 17
VisualStudioVersion = 17.0.31903.59
MinimumVisualStudioVersion = 10.0.40219.1
Project("{FAE04EC0-301F-11D3-BF4B-00C04F79EFBC}") = "SessionOne", "SessionOne\SessionOne.csproj", "{DFEC99A6-3CA8-431C-B6EF-A7C353CEAE10}"
EndProject
Global
	GlobalSection(SolutionConfigurationPlatforms) = preSolution
		Debug|Any CPU = Debug|Any CPU
		Release|Any CPU = Release|Any CPU
	EndGlobalSection
	GlobalSection(ProjectConfigurationPlatforms) = postSolution
		{DFEC99A6-3CA8-431C-B6EF-A7C353CEAE10}.Debug|Any CPU.ActiveCfg = Debug|Any CPU
		{DFEC99A6-3CA8-431C-B6EF-A7C353CEAE10}.Debug|Any CPU.Build.0 = Debug|Any CPU
		{DFEC99A6-3CA8-431C-B6EF-A7C353CEAE10}.Release|Any CPU.ActiveCfg = Release|Any CPU
		{DFEC99A6-3CA8-431C-B6EF-A7C353CEAE10}.Release|Any CPU.Build.0 = Release|Any CPU
	EndGlobalSection
	GlobalSection(SolutionProperties) = preSolution
		HideSolutionNode = FALSE
	EndGlobalSection
	GlobalSection(ExtensibilityGlobals) = postSolution
		SolutionGuid = {EA7455F0-4A98-451C-93C4-549E109E62FD}
	EndGlobalSection
EndGlobal
